
Microsoft Visual Studio Solution File, Format Version 12.00
# Visual Studio Version 16
VisualStudioVersion = 16.0.32929.386
MinimumVisualStudioVersion = 10.0.40219.1
Project("{FAE04EC0-301F-11D3-BF4B-00C04F79EFBC}") = "MeusLivros.AppMvc", "src\MeusLivros.AppMvc\MeusLivros.AppMvc.csproj", "{DECE8B23-7B57-44B2-B41F-0672F0E0F2D3}"
EndProject
Project("{FAE04EC0-301F-11D3-BF4B-00C04F79EFBC}") = "MeusLivros.Infra", "src\MeusLivros.Infra\MeusLivros.Infra.csproj", "{03EDE1D0-CC03-4F87-9E7C-609051C85D1F}"
EndProject
Project("{FAE04EC0-301F-11D3-BF4B-00C04F79EFBC}") = "MeusLivros.Business", "src\MeusLivros.Business\MeusLivros.Business.csproj", "{6805A761-950E-4EE2-AAD7-8FB143808B4F}"
EndProject
Global
	GlobalSection(SolutionConfigurationPlatforms) = preSolution
		Debug|Any CPU = Debug|Any CPU
		Release|Any CPU = Release|Any CPU
	EndGlobalSection
	GlobalSection(ProjectConfigurationPlatforms) = postSolution
		{DECE8B23-7B57-44B2-B41F-0672F0E0F2D3}.Debug|Any CPU.ActiveCfg = Debug|Any CPU
		{DECE8B23-7B57-44B2-B41F-0672F0E0F2D3}.Debug|Any CPU.Build.0 = Debug|Any CPU
		{DECE8B23-7B57-44B2-B41F-0672F0E0F2D3}.Release|Any CPU.ActiveCfg = Release|Any CPU
		{DECE8B23-7B57-44B2-B41F-0672F0E0F2D3}.Release|Any CPU.Build.0 = Release|Any CPU
		{03EDE1D0-CC03-4F87-9E7C-609051C85D1F}.Debug|Any CPU.ActiveCfg = Debug|Any CPU
		{03EDE1D0-CC03-4F87-9E7C-609051C85D1F}.Debug|Any CPU.Build.0 = Debug|Any CPU
		{03EDE1D0-CC03-4F87-9E7C-609051C85D1F}.Release|Any CPU.ActiveCfg = Release|Any CPU
		{03EDE1D0-CC03-4F87-9E7C-609051C85D1F}.Release|Any CPU.Build.0 = Release|Any CPU
		{6805A761-950E-4EE2-AAD7-8FB143808B4F}.Debug|Any CPU.ActiveCfg = Debug|Any CPU
		{6805A761-950E-4EE2-AAD7-8FB143808B4F}.Debug|Any CPU.Build.0 = Debug|Any CPU
		{6805A761-950E-4EE2-AAD7-8FB143808B4F}.Release|Any CPU.ActiveCfg = Release|Any CPU
		{6805A761-950E-4EE2-AAD7-8FB143808B4F}.Release|Any CPU.Build.0 = Release|Any CPU
	EndGlobalSection
	GlobalSection(SolutionProperties) = preSolution
		HideSolutionNode = FALSE
	EndGlobalSection
	GlobalSection(ExtensibilityGlobals) = postSolution
		SolutionGuid = {780566BE-C641-4913-8D50-A72DFFD5AFC1}
	EndGlobalSection
EndGlobal
